<?xml version="1.0" encoding="utf-8"?>
<Project ToolsVersion="4.0" xmlns="http://schemas.microsoft.com/developer/msbuild/2003">
  <ItemGroup>
    <Filter Include="Source Files">
      <UniqueIdentifier>{4FC737F1-C7A5-4376-A066-2A32D752A2FF}</UniqueIdentifier>
      <Extensions>cpp;c;cc;cxx;def;odl;idl;hpj;bat;asm;asmx</Extensions>
    </Filter>
    <Filter Include="Header Files">
      <UniqueIdentifier>{93995380-89BD-4b04-88EB-625FBE52EBFB}</UniqueIdentifier>
      <Extensions>h;hpp;hxx;hm;inl;inc;xsd</Extensions>
    </Filter>
    <Filter Include="Resource Files">
      <UniqueIdentifier>{67DA6AB6-F800-4c08-8B7A-83BB121AAD01}</UniqueIdentifier>
      <Extensions>rc;ico;cur;bmp;dlg;rc2;rct;bin;rgs;gif;jpg;jpeg;jpe;resx;tiff;tif;png;wav;mfcribbon-ms</Extensions>
    </Filter>
    <Filter Include="Header Files\special_objects">
      <UniqueIdentifier>{ac6cb406-1fe4-4921-b6b7-a06cb14c370d}</UniqueIdentifier>
    </Filter>
    <Filter Include="Header Files\project_headers">
      <UniqueIdentifier>{0f09acc2-6984-43ea-b6ec-ab8497249930}</UniqueIdentifier>
    </Filter>
    <Filter Include="Source Files\special_objects">
      <UniqueIdentifier>{4909a7ad-1f2d-4503-8ba9-42750cc33d08}</UniqueIdentifier>
    </Filter>
    <Filter Include="Source Files\project_bodies">
      <UniqueIdentifier>{d235083b-c688-404e-b40a-fd826ea7a53c}</UniqueIdentifier>
    </Filter>
    <Filter Include="Resource Files\Sound">
      <UniqueIdentifier>{c7d6d71c-5be5-4dfd-b0da-224f70a51e17}</UniqueIdentifier>
    </Filter>
    <Filter Include="Resource Files\Sound\sound_bodies">
      <UniqueIdentifier>{13f1a8d1-131e-4f4f-91c1-61c308f54b24}</UniqueIdentifier>
    </Filter>
    <Filter Include="Resource Files\Sound\sound_headers">
      <UniqueIdentifier>{d7d879ac-a134-47d3-8c82-3e74ddbef206}</UniqueIdentifier>
    </Filter>
    <Filter Include="Resource Files\Modeling">
      <UniqueIdentifier>{5afea148-7126-4dfb-91bd-7c195d9a9961}</UniqueIdentifier>
    </Filter>
    <Filter Include="Resource Files\Modeling\model_headers">
      <UniqueIdentifier>{27e850b2-5b68-49b0-96c5-be4f6078b522}</UniqueIdentifier>
    </Filter>
    <Filter Include="Resource Files\Modeling\model_bodies">
      <UniqueIdentifier>{d67a23a7-e70a-43d3-b6b2-577b1643cd4b}</UniqueIdentifier>
    </Filter>
    <Filter Include="Source Files\Structure_files">
      <UniqueIdentifier>{27ffaf5e-ef4e-4434-8400-e9f1e2123cb1}</UniqueIdentifier>
    </Filter>
    <Filter Include="Source Files\Structure_files\Modiling">
      <UniqueIdentifier>{893004fd-746e-4785-9d1e-ae3d430077d0}</UniqueIdentifier>
    </Filter>
    <Filter Include="Source Files\Structure_files\Modiling\headers">
      <UniqueIdentifier>{c4c1af71-9c00-4d0a-9306-07e5670a00c6}</UniqueIdentifier>
    </Filter>
    <Filter Include="Source Files\Structure_files\Modiling\bodies">
      <UniqueIdentifier>{b7934cb5-f171-443d-b745-3b2fd9409795}</UniqueIdentifier>
    </Filter>
    <Filter Include="Resource Files\Texture">
      <UniqueIdentifier>{7511634e-6924-468a-9bf1-961a040a5735}</UniqueIdentifier>
    </Filter>
    <Filter Include="Resource Files\Texture\header">
      <UniqueIdentifier>{a24fb104-78d4-418f-85cb-63a337b42267}</UniqueIdentifier>
    </Filter>
    <Filter Include="Resource Files\Texture\bodies">
      <UniqueIdentifier>{f290911a-be63-4840-a274-7cbc9fb21ec4}</UniqueIdentifier>
    </Filter>
    <Filter Include="Resource Files\Camera">
      <UniqueIdentifier>{218d423f-fc5e-43b5-874f-8041ea24a82c}</UniqueIdentifier>
    </Filter>
    <Filter Include="Resource Files\Camera\header">
      <UniqueIdentifier>{445d3d81-d47a-4738-9c4c-4711bd7fcfbe}</UniqueIdentifier>
    </Filter>
    <Filter Include="Resource Files\Camera\body">
      <UniqueIdentifier>{a26ea7db-52d1-4686-8e39-ed287d6071aa}</UniqueIdentifier>
    </Filter>
    <Filter Include="Source Files\Structure_files\Texture">
      <UniqueIdentifier>{f40371dc-c5b8-4639-b014-0c9408924386}</UniqueIdentifier>
    </Filter>
    <Filter Include="Source Files\Structure_files\Texture\headers">
      <UniqueIdentifier>{30a2037b-c58b-40eb-8bd1-330a8f154dda}</UniqueIdentifier>
    </Filter>
    <Filter Include="Source Files\Structure_files\Texture\bodies">
      <UniqueIdentifier>{3cea1cae-cd22-429b-9d45-9d27ad860c49}</UniqueIdentifier>
    </Filter>
    <Filter Include="Source Files\Structure_files\Public_Drawing_Classes">
      <UniqueIdentifier>{4ecf2424-bdcd-44b8-9694-3a4e33706855}</UniqueIdentifier>
    </Filter>
    <Filter Include="Source Files\Structure_files\Public_Drawing_Classes\Polygon">
      <UniqueIdentifier>{dbf75f11-389d-486b-aa82-aff20740566d}</UniqueIdentifier>
    </Filter>
    <Filter Include="Source Files\Structure_files\Public_Drawing_Classes\ParallelRectangle">
      <UniqueIdentifier>{408cdfbb-9d88-4420-843a-b367d524d573}</UniqueIdentifier>
    </Filter>
    <Filter Include="Source Files\Structure_files\Sound">
      <UniqueIdentifier>{e9e0efa7-97fc-4630-92c6-6cfb1933f8eb}</UniqueIdentifier>
    </Filter>
    <Filter Include="Source Files\special_objects\elevator">
      <UniqueIdentifier>{40f4e1bb-910f-42d4-badf-46f8ced71be5}</UniqueIdentifier>
    </Filter>
  </ItemGroup>
  <ItemGroup>
    <ClCompile Include="Source.cpp">
      <Filter>Source Files</Filter>
    </ClCompile>
    <ClCompile Include="comedina.cpp">
      <Filter>Source Files\special_objects</Filter>
    </ClCompile>
    <ClCompile Include="roomWalls.cpp">
      <Filter>Source Files\project_bodies</Filter>
    </ClCompile>
    <ClCompile Include="wardrobe.cpp">
      <Filter>Source Files\special_objects</Filter>
    </ClCompile>
    <ClCompile Include="table.cpp">
      <Filter>Source Files\special_objects</Filter>
    </ClCompile>
    <ClCompile Include="Model_3DS.cpp">
      <Filter>Resource Files\Modeling\model_bodies</Filter>
    </ClCompile>
    <ClCompile Include="3DTexture.cpp">
      <Filter>Resource Files\Modeling\model_bodies</Filter>
    </ClCompile>
    <ClCompile Include="Wave.cpp">
      <Filter>Resource Files\Sound\sound_headers</Filter>
    </ClCompile>
    <ClCompile Include="Sound.cpp">
      <Filter>Resource Files\Sound\sound_bodies</Filter>
    </ClCompile>
    <ClCompile Include="StdAfx.cpp">
      <Filter>Resource Files\Sound\sound_bodies</Filter>
    </ClCompile>
    <ClCompile Include="Model_class.cpp">
      <Filter>Source Files\Structure_files\Modiling\bodies</Filter>
    </ClCompile>
    <ClCompile Include="myModel.cpp">
      <Filter>Source Files\Structure_files\Modiling\bodies</Filter>
    </ClCompile>
    <ClCompile Include="texture.cpp">
      <Filter>Resource Files\Texture\bodies</Filter>
    </ClCompile>
    <ClCompile Include="camera.cpp">
      <Filter>Resource Files\Camera\body</Filter>
    </ClCompile>
    <ClCompile Include="myTexture.cpp">
      <Filter>Source Files\Structure_files\Texture\bodies</Filter>
    </ClCompile>
    <ClCompile Include="myPolygon.cpp">
      <Filter>Source Files\Structure_files\Public_Drawing_Classes\Polygon</Filter>
    </ClCompile>
    <ClCompile Include="parallelRectangle.cpp">
      <Filter>Source Files\Structure_files\Public_Drawing_Classes\ParallelRectangle</Filter>
    </ClCompile>
    <ClCompile Include="mySounds.cpp">
      <Filter>Source Files\Structure_files\Sound</Filter>
    </ClCompile>
    <ClCompile Include="elevator.cpp">
      <Filter>Source Files\special_objects\elevator</Filter>
    <ClCompile Include="fridge.cpp">
      <Filter>Source Files\special_objects</Filter>
    </ClCompile>
    <ClCompile Include="ovenTable.cpp">
      <Filter>Source Files\special_objects</Filter>
    </ClCompile>
    <ClCompile Include="microwave.cpp">
      <Filter>Source Files\special_objects</Filter>
    </ClCompile>
  </ItemGroup>
  <ItemGroup>
    <ClInclude Include="comedina.h">
      <Filter>Header Files\special_objects</Filter>
    </ClInclude>
    <ClInclude Include="roomWalls.h">
      <Filter>Header Files\project_headers</Filter>
    </ClInclude>
    <ClInclude Include="wardrobe.h">
      <Filter>Header Files\special_objects</Filter>
    </ClInclude>
    <ClInclude Include="table.h">
      <Filter>Header Files\special_objects</Filter>
    </ClInclude>
<<<<<<< HEAD
    <ClInclude Include="Model_3DS.h">
      <Filter>Resource Files\Modeling\model_headers</Filter>
    </ClInclude>
    <ClInclude Include="3DTexture.h">
      <Filter>Resource Files\Modeling\model_headers</Filter>
    </ClInclude>
    <ClInclude Include="Sound.h">
      <Filter>Resource Files\Sound\sound_headers</Filter>
    </ClInclude>
    <ClInclude Include="Wave.h">
      <Filter>Resource Files\Sound\sound_headers</Filter>
    </ClInclude>
    <ClInclude Include="StdAfx.h">
      <Filter>Resource Files\Sound\sound_headers</Filter>
    </ClInclude>
    <ClInclude Include="myModel.h">
      <Filter>Source Files\Structure_files\Modiling\headers</Filter>
    </ClInclude>
    <ClInclude Include="modelClass.h">
      <Filter>Source Files\Structure_files\Modiling\headers</Filter>
    </ClInclude>
    <ClInclude Include="texture.h">
      <Filter>Resource Files\Texture\header</Filter>
    </ClInclude>
    <ClInclude Include="camera.h">
      <Filter>Resource Files\Camera\header</Filter>
    </ClInclude>
    <ClInclude Include="myTexture.h">
      <Filter>Source Files\Structure_files\Texture\headers</Filter>
    </ClInclude>
    <ClInclude Include="myPolygon.h">
      <Filter>Source Files\Structure_files\Public_Drawing_Classes\Polygon</Filter>
    </ClInclude>
    <ClInclude Include="parallelRectangle.h">
      <Filter>Source Files\Structure_files\Public_Drawing_Classes\ParallelRectangle</Filter>
    </ClInclude>
    <ClInclude Include="mySounds.h">
      <Filter>Source Files\Structure_files\Sound</Filter>
    </ClInclude>
    <ClInclude Include="elevator.h">
      <Filter>Source Files\special_objects\elevator</Filter>
=======
    <ClInclude Include="fridge.h">
      <Filter>Header Files\special_objects</Filter>
    </ClInclude>
    <ClInclude Include="ovenTable.h">
      <Filter>Header Files\special_objects</Filter>
    </ClInclude>
    <ClInclude Include="microwave.h">
      <Filter>Header Files\special_objects</Filter>
>>>>>>> kitchen-room
    </ClInclude>
  </ItemGroup>
</Project>