<?xml version="1.0" encoding="utf-8"?>
<Project ToolsVersion="4.0" xmlns="http://schemas.microsoft.com/developer/msbuild/2003">
  <ItemGroup>
    <Filter Include="Source Files">
      <UniqueIdentifier>{4FC737F1-C7A5-4376-A066-2A32D752A2FF}</UniqueIdentifier>
      <Extensions>cpp;c;cc;cxx;def;odl;idl;hpj;bat;asm;asmx</Extensions>
    </Filter>
    <Filter Include="Header Files">
      <UniqueIdentifier>{93995380-89BD-4b04-88EB-625FBE52EBFB}</UniqueIdentifier>
      <Extensions>h;hpp;hxx;hm;inl;inc;xsd</Extensions>
    </Filter>
    <Filter Include="Resource Files">
      <UniqueIdentifier>{67DA6AB6-F800-4c08-8B7A-83BB121AAD01}</UniqueIdentifier>
      <Extensions>rc;ico;cur;bmp;dlg;rc2;rct;bin;rgs;gif;jpg;jpeg;jpe;resx;tiff;tif;png;wav;mfcribbon-ms</Extensions>
    </Filter>
    <Filter Include="Header Files\special_objects">
      <UniqueIdentifier>{ac6cb406-1fe4-4921-b6b7-a06cb14c370d}</UniqueIdentifier>
    </Filter>
    <Filter Include="Header Files\project_headers">
      <UniqueIdentifier>{0f09acc2-6984-43ea-b6ec-ab8497249930}</UniqueIdentifier>
    </Filter>
    <Filter Include="Source Files\special_objects">
      <UniqueIdentifier>{4909a7ad-1f2d-4503-8ba9-42750cc33d08}</UniqueIdentifier>
    </Filter>
    <Filter Include="Source Files\project_bodies">
      <UniqueIdentifier>{d235083b-c688-404e-b40a-fd826ea7a53c}</UniqueIdentifier>
    </Filter>
  </ItemGroup>
  <ItemGroup>
    <ClCompile Include="Source.cpp">
      <Filter>Source Files</Filter>
    </ClCompile>
    <ClCompile Include="texture.cpp">
      <Filter>Source Files</Filter>
    </ClCompile>
    <ClCompile Include="camera.cpp">
      <Filter>Source Files</Filter>
    </ClCompile>
    <ClCompile Include="comedina.cpp">
      <Filter>Source Files\special_objects</Filter>
    </ClCompile>
    <ClCompile Include="parallelRectangle.cpp">
      <Filter>Source Files\project_bodies</Filter>
    </ClCompile>
    <ClCompile Include="roomWalls.cpp">
      <Filter>Source Files\project_bodies</Filter>
    </ClCompile>
    <ClCompile Include="wardrobe.cpp">
      <Filter>Source Files\special_objects</Filter>
    </ClCompile>
    <ClCompile Include="myPolygon.cpp">
      <Filter>Source Files\project_bodies</Filter>
    </ClCompile>
    <ClCompile Include="myTexture.cpp">
      <Filter>Source Files\project_bodies</Filter>
    </ClCompile>
    <ClCompile Include="table.cpp">
      <Filter>Source Files\special_objects</Filter>
    </ClCompile>
    <ClCompile Include="fridge.cpp">
      <Filter>Source Files\special_objects</Filter>
    </ClCompile>
    <ClCompile Include="ovenTable.cpp">
      <Filter>Source Files\special_objects</Filter>
    </ClCompile>
    <ClCompile Include="microwave.cpp">
      <Filter>Source Files\special_objects</Filter>
    </ClCompile>
  </ItemGroup>
  <ItemGroup>
    <ClInclude Include="texture.h">
      <Filter>Header Files</Filter>
    </ClInclude>
    <ClInclude Include="camera.h">
      <Filter>Header Files</Filter>
    </ClInclude>
    <ClInclude Include="comedina.h">
      <Filter>Header Files\special_objects</Filter>
    </ClInclude>
    <ClInclude Include="parallelRectangle.h">
      <Filter>Header Files\project_headers</Filter>
    </ClInclude>
    <ClInclude Include="roomWalls.h">
      <Filter>Header Files\project_headers</Filter>
    </ClInclude>
    <ClInclude Include="wardrobe.h">
      <Filter>Header Files\special_objects</Filter>
    </ClInclude>
    <ClInclude Include="myPolygon.h">
      <Filter>Header Files\project_headers</Filter>
    </ClInclude>
    <ClInclude Include="myTexture.h">
      <Filter>Header Files\project_headers</Filter>
    </ClInclude>
    <ClInclude Include="table.h">
      <Filter>Header Files\special_objects</Filter>
    </ClInclude>
    <ClInclude Include="fridge.h">
      <Filter>Header Files\special_objects</Filter>
    </ClInclude>
    <ClInclude Include="ovenTable.h">
      <Filter>Header Files\special_objects</Filter>
    </ClInclude>
    <ClInclude Include="microwave.h">
      <Filter>Header Files\special_objects</Filter>
    </ClInclude>
  </ItemGroup>
</Project>